
Microsoft Visual Studio Solution File, Format Version 12.00
# Visual Studio Version 17
VisualStudioVersion = 17.9.34616.47
MinimumVisualStudioVersion = 10.0.40219.1
Project("{FAE04EC0-301F-11D3-BF4B-00C04F79EFBC}") = "desafio2", "desafio2.csproj", "{FCEDA571-A1C4-4750-883B-47658D71FFFB}"
EndProject
Global
	GlobalSection(SolutionConfigurationPlatforms) = preSolution
		Debug|Any CPU = Debug|Any CPU
		Release|Any CPU = Release|Any CPU
	EndGlobalSection
	GlobalSection(ProjectConfigurationPlatforms) = postSolution
		{FCEDA571-A1C4-4750-883B-47658D71FFFB}.Debug|Any CPU.ActiveCfg = Debug|Any CPU
		{FCEDA571-A1C4-4750-883B-47658D71FFFB}.Debug|Any CPU.Build.0 = Debug|Any CPU
		{FCEDA571-A1C4-4750-883B-47658D71FFFB}.Release|Any CPU.ActiveCfg = Release|Any CPU
		{FCEDA571-A1C4-4750-883B-47658D71FFFB}.Release|Any CPU.Build.0 = Release|Any CPU
	EndGlobalSection
	GlobalSection(SolutionProperties) = preSolution
		HideSolutionNode = FALSE
	EndGlobalSection
	GlobalSection(ExtensibilityGlobals) = postSolution
		SolutionGuid = {B5BEC3D4-884A-4F3A-867F-6BB2F532F57B}
	EndGlobalSection
EndGlobal
